# THIS IS AN AUTOGENERATED FILE. DO NOT EDIT THIS FILE DIRECTLY.
# yarn lockfile v1


"@types/node@latest":
  version "18.11.7"
  resolved "https://registry.yarnpkg.com/@types/node/-/node-18.11.7.tgz#8ccef136f240770c1379d50100796a6952f01f94"
  integrity sha512-LhFTglglr63mNXUSRYD8A+ZAIu5sFqNJ4Y2fPuY7UlrySJH87rRRlhtVmMHplmfk5WkoJGmDjE9oiTfyX94CpQ==

node-ls-files@^0.0.3:
  version "0.0.3"
  resolved "https://registry.yarnpkg.com/node-ls-files/-/node-ls-files-0.0.3.tgz#37e1158892521fadfb9cfa7570fb2976d5c9fece"
  integrity sha512-OhZBvqbaSdZmAWAHX5xPHWrGep2Q0XDy6Kt3DY0LSWwEoiImWT41zW1oXwlIbQvJHrb3qO3itZRK0zhogLKPqA==

typescript@latest:
  version "4.8.4"
  resolved "https://registry.yarnpkg.com/typescript/-/typescript-4.8.4.tgz#c464abca159669597be5f96b8943500b238e60e6"
  integrity sha512-QCh+85mCy+h0IGff8r5XWzOVSbBO+KfeYrMQh7NJ58QujwcE22u+NUSmUxqF+un70P9GXKxa2HCNiTTMJknyjQ==
